
Microsoft Visual Studio Solution File, Format Version 12.00
# Visual Studio Version 17
VisualStudioVersion = 17.7.34009.444
MinimumVisualStudioVersion = 10.0.40219.1
Project("{FAE04EC0-301F-11D3-BF4B-00C04F79EFBC}") = "Queues Using Array", "Queues Using Array\Queues Using Array.csproj", "{E6470AEC-CA57-4F91-9967-C10707A0C753}"
EndProject
Global
	GlobalSection(SolutionConfigurationPlatforms) = preSolution
		Debug|Any CPU = Debug|Any CPU
		Release|Any CPU = Release|Any CPU
	EndGlobalSection
	GlobalSection(ProjectConfigurationPlatforms) = postSolution
		{E6470AEC-CA57-4F91-9967-C10707A0C753}.Debug|Any CPU.ActiveCfg = Debug|Any CPU
		{E6470AEC-CA57-4F91-9967-C10707A0C753}.Debug|Any CPU.Build.0 = Debug|Any CPU
		{E6470AEC-CA57-4F91-9967-C10707A0C753}.Release|Any CPU.ActiveCfg = Release|Any CPU
		{E6470AEC-CA57-4F91-9967-C10707A0C753}.Release|Any CPU.Build.0 = Release|Any CPU
	EndGlobalSection
	GlobalSection(SolutionProperties) = preSolution
		HideSolutionNode = FALSE
	EndGlobalSection
	GlobalSection(ExtensibilityGlobals) = postSolution
		SolutionGuid = {31A00B77-6BE4-42FB-AB73-8826E2CCF646}
	EndGlobalSection
EndGlobal
